
Microsoft Visual Studio Solution File, Format Version 12.00
# Visual Studio 2012
Project("{FAE04EC0-301F-11D3-BF4B-00C04F79EFBC}") = "KnapsackWithoutRepetitions", "KnapsackWithoutRepetitions\KnapsackWithoutRepetitions.csproj", "{5A0970ED-67BE-41E6-A29B-3BD6843FC327}"
EndProject
Global
	GlobalSection(SolutionConfigurationPlatforms) = preSolution
		Debug|x86 = Debug|x86
		Release|x86 = Release|x86
	EndGlobalSection
	GlobalSection(ProjectConfigurationPlatforms) = postSolution
		{5A0970ED-67BE-41E6-A29B-3BD6843FC327}.Debug|x86.ActiveCfg = Debug|x86
		{5A0970ED-67BE-41E6-A29B-3BD6843FC327}.Debug|x86.Build.0 = Debug|x86
		{5A0970ED-67BE-41E6-A29B-3BD6843FC327}.Release|x86.ActiveCfg = Release|x86
		{5A0970ED-67BE-41E6-A29B-3BD6843FC327}.Release|x86.Build.0 = Release|x86
	EndGlobalSection
EndGlobal
